
Microsoft Visual Studio Solution File, Format Version 12.00
# Visual Studio Version 17
VisualStudioVersion = 17.5.33530.505
MinimumVisualStudioVersion = 10.0.40219.1
Project("{FAE04EC0-301F-11D3-BF4B-00C04F79EFBC}") = "MTGCupid", "MTGCupid\MTGCupid.csproj", "{561E7EA2-4878-4379-A4AD-F53CA01BF70D}"
EndProject
Global
	GlobalSection(SolutionConfigurationPlatforms) = preSolution
		Debug|Any CPU = Debug|Any CPU
		Release|Any CPU = Release|Any CPU
	EndGlobalSection
	GlobalSection(ProjectConfigurationPlatforms) = postSolution
		{561E7EA2-4878-4379-A4AD-F53CA01BF70D}.Debug|Any CPU.ActiveCfg = Debug|Any CPU
		{561E7EA2-4878-4379-A4AD-F53CA01BF70D}.Debug|Any CPU.Build.0 = Debug|Any CPU
		{561E7EA2-4878-4379-A4AD-F53CA01BF70D}.Release|Any CPU.ActiveCfg = Release|Any CPU
		{561E7EA2-4878-4379-A4AD-F53CA01BF70D}.Release|Any CPU.Build.0 = Release|Any CPU
	EndGlobalSection
	GlobalSection(SolutionProperties) = preSolution
		HideSolutionNode = FALSE
	EndGlobalSection
	GlobalSection(ExtensibilityGlobals) = postSolution
		SolutionGuid = {D94B279C-5E8C-40A3-B91C-D89BAEC0DA03}
	EndGlobalSection
EndGlobal
